
Microsoft Visual Studio Solution File, Format Version 12.00
# Visual Studio Version 17
VisualStudioVersion = 17.3.32922.545
MinimumVisualStudioVersion = 10.0.40219.1
Project("{9A19103F-16F7-4668-BE54-9A1E7A4F7556}") = "BLL", "BLL\BLL.csproj", "{5AAB5C69-EF28-43AD-9A8C-63C4EA5BBA33}"
EndProject
Project("{9A19103F-16F7-4668-BE54-9A1E7A4F7556}") = "Console", "Console\Console.csproj", "{84AF6F93-EFAA-4975-B47E-315F7F95C9C9}"
EndProject
Project("{9A19103F-16F7-4668-BE54-9A1E7A4F7556}") = "BLLTests", "BLLTests\BLLTests.csproj", "{6FAC575A-49B7-491E-82CE-EB64BE0A5A2B}"
EndProject
Project("{9A19103F-16F7-4668-BE54-9A1E7A4F7556}") = "lab7webapi", "lab7webapi\lab7webapi.csproj", "{D5268CD4-12B9-4E2E-8DF2-6CE104B72C08}"
EndProject
Project("{FAE04EC0-301F-11D3-BF4B-00C04F79EFBC}") = "lab7webapiTests", "lab7webapiTests\lab7webapiTests.csproj", "{85D7944C-7CFB-4B7E-9020-639120BBA1DF}"
EndProject
Global
	GlobalSection(SolutionConfigurationPlatforms) = preSolution
		Debug|Any CPU = Debug|Any CPU
		Release|Any CPU = Release|Any CPU
	EndGlobalSection
	GlobalSection(ProjectConfigurationPlatforms) = postSolution
		{5AAB5C69-EF28-43AD-9A8C-63C4EA5BBA33}.Debug|Any CPU.ActiveCfg = Debug|Any CPU
		{5AAB5C69-EF28-43AD-9A8C-63C4EA5BBA33}.Debug|Any CPU.Build.0 = Debug|Any CPU
		{5AAB5C69-EF28-43AD-9A8C-63C4EA5BBA33}.Release|Any CPU.ActiveCfg = Release|Any CPU
		{5AAB5C69-EF28-43AD-9A8C-63C4EA5BBA33}.Release|Any CPU.Build.0 = Release|Any CPU
		{84AF6F93-EFAA-4975-B47E-315F7F95C9C9}.Debug|Any CPU.ActiveCfg = Debug|Any CPU
		{84AF6F93-EFAA-4975-B47E-315F7F95C9C9}.Debug|Any CPU.Build.0 = Debug|Any CPU
		{84AF6F93-EFAA-4975-B47E-315F7F95C9C9}.Release|Any CPU.ActiveCfg = Release|Any CPU
		{84AF6F93-EFAA-4975-B47E-315F7F95C9C9}.Release|Any CPU.Build.0 = Release|Any CPU
		{6FAC575A-49B7-491E-82CE-EB64BE0A5A2B}.Debug|Any CPU.ActiveCfg = Debug|Any CPU
		{6FAC575A-49B7-491E-82CE-EB64BE0A5A2B}.Debug|Any CPU.Build.0 = Debug|Any CPU
		{6FAC575A-49B7-491E-82CE-EB64BE0A5A2B}.Release|Any CPU.ActiveCfg = Release|Any CPU
		{6FAC575A-49B7-491E-82CE-EB64BE0A5A2B}.Release|Any CPU.Build.0 = Release|Any CPU
		{D5268CD4-12B9-4E2E-8DF2-6CE104B72C08}.Debug|Any CPU.ActiveCfg = Debug|Any CPU
		{D5268CD4-12B9-4E2E-8DF2-6CE104B72C08}.Debug|Any CPU.Build.0 = Debug|Any CPU
		{D5268CD4-12B9-4E2E-8DF2-6CE104B72C08}.Release|Any CPU.ActiveCfg = Release|Any CPU
		{D5268CD4-12B9-4E2E-8DF2-6CE104B72C08}.Release|Any CPU.Build.0 = Release|Any CPU
		{85D7944C-7CFB-4B7E-9020-639120BBA1DF}.Debug|Any CPU.ActiveCfg = Debug|Any CPU
		{85D7944C-7CFB-4B7E-9020-639120BBA1DF}.Debug|Any CPU.Build.0 = Debug|Any CPU
		{85D7944C-7CFB-4B7E-9020-639120BBA1DF}.Release|Any CPU.ActiveCfg = Release|Any CPU
		{85D7944C-7CFB-4B7E-9020-639120BBA1DF}.Release|Any CPU.Build.0 = Release|Any CPU
	EndGlobalSection
	GlobalSection(SolutionProperties) = preSolution
		HideSolutionNode = FALSE
	EndGlobalSection
	GlobalSection(ExtensibilityGlobals) = postSolution
		SolutionGuid = {B1595774-04A0-4FA5-9F03-3C521B29C93E}
	EndGlobalSection
EndGlobal
